
Microsoft Visual Studio Solution File, Format Version 12.00
# Visual Studio Version 16
VisualStudioVersion = 16.0.28803.202
MinimumVisualStudioVersion = 10.0.40219.1
Project("{FAE04EC0-301F-11D3-BF4B-00C04F79EFBC}") = "Chinook.UI", "Chinook.UI\Chinook.UI.csproj", "{9285FB68-65EA-4241-992E-9BA4B18567EE}"
EndProject
Global
	GlobalSection(SolutionConfigurationPlatforms) = preSolution
		Debug|Any CPU = Debug|Any CPU
		Release|Any CPU = Release|Any CPU
	EndGlobalSection
	GlobalSection(ProjectConfigurationPlatforms) = postSolution
		{9285FB68-65EA-4241-992E-9BA4B18567EE}.Debug|Any CPU.ActiveCfg = Debug|Any CPU
		{9285FB68-65EA-4241-992E-9BA4B18567EE}.Debug|Any CPU.Build.0 = Debug|Any CPU
		{9285FB68-65EA-4241-992E-9BA4B18567EE}.Release|Any CPU.ActiveCfg = Release|Any CPU
		{9285FB68-65EA-4241-992E-9BA4B18567EE}.Release|Any CPU.Build.0 = Release|Any CPU
	EndGlobalSection
	GlobalSection(SolutionProperties) = preSolution
		HideSolutionNode = FALSE
	EndGlobalSection
	GlobalSection(ExtensibilityGlobals) = postSolution
		SolutionGuid = {71BA6166-C4DC-47E0-89E7-AE26E1AFFDDA}
	EndGlobalSection
EndGlobal
